
Microsoft Visual Studio Solution File, Format Version 12.00
# Visual Studio 15
VisualStudioVersion = 15.0.28307.539
MinimumVisualStudioVersion = 10.0.40219.1
Project("{9A19103F-16F7-4668-BE54-9A1E7A4F7556}") = "TestDemo", "TestDemo\TestDemo.csproj", "{4F5966CF-E1B4-428E-8D6D-1F77781ABDD6}"
EndProject
Project("{9A19103F-16F7-4668-BE54-9A1E7A4F7556}") = "TestDemoIntegrationTest", "TestDemoIntegrationTest\TestDemoIntegrationTest.csproj", "{ED612649-6BD8-4269-A108-40335226432D}"
EndProject
Project("{FAE04EC0-301F-11D3-BF4B-00C04F79EFBC}") = "TestDemoUnitTest", "TestDemoUnitTest\TestDemoUnitTest.csproj", "{603867CC-C91F-4914-9490-A07D88373128}"
EndProject
Global
	GlobalSection(SolutionConfigurationPlatforms) = preSolution
		Debug|Any CPU = Debug|Any CPU
		Release|Any CPU = Release|Any CPU
	EndGlobalSection
	GlobalSection(ProjectConfigurationPlatforms) = postSolution
		{4F5966CF-E1B4-428E-8D6D-1F77781ABDD6}.Debug|Any CPU.ActiveCfg = Debug|Any CPU
		{4F5966CF-E1B4-428E-8D6D-1F77781ABDD6}.Debug|Any CPU.Build.0 = Debug|Any CPU
		{4F5966CF-E1B4-428E-8D6D-1F77781ABDD6}.Release|Any CPU.ActiveCfg = Release|Any CPU
		{4F5966CF-E1B4-428E-8D6D-1F77781ABDD6}.Release|Any CPU.Build.0 = Release|Any CPU
		{ED612649-6BD8-4269-A108-40335226432D}.Debug|Any CPU.ActiveCfg = Debug|Any CPU
		{ED612649-6BD8-4269-A108-40335226432D}.Debug|Any CPU.Build.0 = Debug|Any CPU
		{ED612649-6BD8-4269-A108-40335226432D}.Release|Any CPU.ActiveCfg = Release|Any CPU
		{ED612649-6BD8-4269-A108-40335226432D}.Release|Any CPU.Build.0 = Release|Any CPU
		{603867CC-C91F-4914-9490-A07D88373128}.Debug|Any CPU.ActiveCfg = Debug|Any CPU
		{603867CC-C91F-4914-9490-A07D88373128}.Debug|Any CPU.Build.0 = Debug|Any CPU
		{603867CC-C91F-4914-9490-A07D88373128}.Release|Any CPU.ActiveCfg = Release|Any CPU
		{603867CC-C91F-4914-9490-A07D88373128}.Release|Any CPU.Build.0 = Release|Any CPU
	EndGlobalSection
	GlobalSection(SolutionProperties) = preSolution
		HideSolutionNode = FALSE
	EndGlobalSection
	GlobalSection(ExtensibilityGlobals) = postSolution
		SolutionGuid = {CC45C203-A645-4943-95F0-F2BA18CB0BC6}
	EndGlobalSection
EndGlobal
